
Microsoft Visual Studio Solution File, Format Version 12.00
# Visual Studio Version 17
VisualStudioVersion = 17.1.32210.238
MinimumVisualStudioVersion = 10.0.40219.1
Project("{9A19103F-16F7-4668-BE54-9A1E7A4F7556}") = "VelesClient", "VelesClient\VelesClient.csproj", "{5130F37C-23FA-43C1-8276-A08DEA1233B9}"
EndProject
Project("{FAE04EC0-301F-11D3-BF4B-00C04F79EFBC}") = "VelesServer", "VelesServer\VelesServer.csproj", "{F6949A3E-231D-4BF5-B69A-3D1C42D90731}"
EndProject
Global
	GlobalSection(SolutionConfigurationPlatforms) = preSolution
		Debug|Any CPU = Debug|Any CPU
		Release|Any CPU = Release|Any CPU
	EndGlobalSection
	GlobalSection(ProjectConfigurationPlatforms) = postSolution
		{5130F37C-23FA-43C1-8276-A08DEA1233B9}.Debug|Any CPU.ActiveCfg = Debug|Any CPU
		{5130F37C-23FA-43C1-8276-A08DEA1233B9}.Debug|Any CPU.Build.0 = Debug|Any CPU
		{5130F37C-23FA-43C1-8276-A08DEA1233B9}.Release|Any CPU.ActiveCfg = Release|Any CPU
		{5130F37C-23FA-43C1-8276-A08DEA1233B9}.Release|Any CPU.Build.0 = Release|Any CPU
		{F6949A3E-231D-4BF5-B69A-3D1C42D90731}.Debug|Any CPU.ActiveCfg = Debug|Any CPU
		{F6949A3E-231D-4BF5-B69A-3D1C42D90731}.Debug|Any CPU.Build.0 = Debug|Any CPU
		{F6949A3E-231D-4BF5-B69A-3D1C42D90731}.Release|Any CPU.ActiveCfg = Release|Any CPU
		{F6949A3E-231D-4BF5-B69A-3D1C42D90731}.Release|Any CPU.Build.0 = Release|Any CPU
	EndGlobalSection
	GlobalSection(SolutionProperties) = preSolution
		HideSolutionNode = FALSE
	EndGlobalSection
	GlobalSection(ExtensibilityGlobals) = postSolution
		SolutionGuid = {30D6CA41-47CD-4CB9-81B3-115EFA620048}
	EndGlobalSection
EndGlobal
