
Microsoft Visual Studio Solution File, Format Version 12.00
# Visual Studio Version 17
VisualStudioVersion = 17.2.32616.157
MinimumVisualStudioVersion = 10.0.40219.1

Project("{9A19103F-16F7-4668-BE54-9A1E7A4F7556}") = "VelesAPI", "Veles\VelesAPI.csproj", "{7B991B28-2930-4CA5-A3CA-7A7ABFFDC95D}"
EndProject
Project("{FAE04EC0-301F-11D3-BF4B-00C04F79EFBC}") = "Veles Application", "Veles Application\Veles Application.csproj", "{637E4EF3-4D4C-4193-A64E-55892A9630C9}"
EndProject
Global
	GlobalSection(SolutionConfigurationPlatforms) = preSolution
		Debug|Any CPU = Debug|Any CPU
		Release|Any CPU = Release|Any CPU
	EndGlobalSection
	GlobalSection(ProjectConfigurationPlatforms) = postSolution
		{7B991B28-2930-4CA5-A3CA-7A7ABFFDC95D}.Debug|Any CPU.ActiveCfg = Debug|Any CPU
		{7B991B28-2930-4CA5-A3CA-7A7ABFFDC95D}.Debug|Any CPU.Build.0 = Debug|Any CPU
		{7B991B28-2930-4CA5-A3CA-7A7ABFFDC95D}.Release|Any CPU.ActiveCfg = Release|Any CPU
		{7B991B28-2930-4CA5-A3CA-7A7ABFFDC95D}.Release|Any CPU.Build.0 = Release|Any CPU
		{637E4EF3-4D4C-4193-A64E-55892A9630C9}.Debug|Any CPU.ActiveCfg = Debug|Any CPU
		{637E4EF3-4D4C-4193-A64E-55892A9630C9}.Debug|Any CPU.Build.0 = Debug|Any CPU
		{637E4EF3-4D4C-4193-A64E-55892A9630C9}.Release|Any CPU.ActiveCfg = Release|Any CPU
		{637E4EF3-4D4C-4193-A64E-55892A9630C9}.Release|Any CPU.Build.0 = Release|Any CPU
	EndGlobalSection
	GlobalSection(SolutionProperties) = preSolution
		HideSolutionNode = FALSE
	EndGlobalSection
	GlobalSection(ExtensibilityGlobals) = postSolution
		SolutionGuid = {97A16D63-164D-4BBC-9F00-7BE1347F3019}
	EndGlobalSection
EndGlobal
